Microsoft Visual Studio Solution File, Format Version 12.00
# Visual Studio Version 17
VisualStudioVersion = 17.5.2.0
MinimumVisualStudioVersion = 10.0.40219.1
Project("{FAE04EC0-301F-11D3-BF4B-00C04F79EFBC}") = "EduCenterApi", "EduCenterApi.csproj", "{81578F57-CEE3-CD7A-EE43-F6FA0F67AD2A}"
EndProject
Global
	GlobalSection(SolutionConfigurationPlatforms) = preSolution
		Debug|Any CPU = Debug|Any CPU
		Release|Any CPU = Release|Any CPU
	EndGlobalSection
	GlobalSection(ProjectConfigurationPlatforms) = postSolution
		{81578F57-CEE3-CD7A-EE43-F6FA0F67AD2A}.Debug|Any CPU.ActiveCfg = Debug|Any CPU
		{81578F57-CEE3-CD7A-EE43-F6FA0F67AD2A}.Debug|Any CPU.Build.0 = Debug|Any CPU
		{81578F57-CEE3-CD7A-EE43-F6FA0F67AD2A}.Release|Any CPU.ActiveCfg = Release|Any CPU
		{81578F57-CEE3-CD7A-EE43-F6FA0F67AD2A}.Release|Any CPU.Build.0 = Release|Any CPU
	EndGlobalSection
	GlobalSection(SolutionProperties) = preSolution
		HideSolutionNode = FALSE
	EndGlobalSection
	GlobalSection(ExtensibilityGlobals) = postSolution
		SolutionGuid = {CDA4690C-D353-4C1E-8CCB-A8A278EFDFC7}
	EndGlobalSection
EndGlobal
